
Microsoft Visual Studio Solution File, Format Version 12.00
# Visual Studio Version 17
VisualStudioVersion = 17.14.36414.22 d17.14
MinimumVisualStudioVersion = 10.0.40219.1
Project("{FAE04EC0-301F-11D3-BF4B-00C04F79EFBC}") = "WpfApp1", "WpfApp1.csproj", "{1F19339A-9947-4E88-B93D-B2BC0DABAE8B}"
EndProject
Global
	GlobalSection(SolutionConfigurationPlatforms) = preSolution
		Debug|Any CPU = Debug|Any CPU
		Release|Any CPU = Release|Any CPU
	EndGlobalSection
	GlobalSection(ProjectConfigurationPlatforms) = postSolution
		{1F19339A-9947-4E88-B93D-B2BC0DABAE8B}.Debug|Any CPU.ActiveCfg = Debug|Any CPU
		{1F19339A-9947-4E88-B93D-B2BC0DABAE8B}.Debug|Any CPU.Build.0 = Debug|Any CPU
		{1F19339A-9947-4E88-B93D-B2BC0DABAE8B}.Release|Any CPU.ActiveCfg = Release|Any CPU
		{1F19339A-9947-4E88-B93D-B2BC0DABAE8B}.Release|Any CPU.Build.0 = Release|Any CPU
	EndGlobalSection
	GlobalSection(SolutionProperties) = preSolution
		HideSolutionNode = FALSE
	EndGlobalSection
	GlobalSection(ExtensibilityGlobals) = postSolution
		SolutionGuid = {81397C9A-4841-45A7-80BB-076F08D00A85}
	EndGlobalSection
EndGlobal
